
Microsoft Visual Studio Solution File, Format Version 12.00
# Visual Studio Version 17
VisualStudioVersion = 17.0.31903.59
MinimumVisualStudioVersion = 10.0.40219.1
Project("{2150E333-8FDC-42A3-9474-1A3956D46DE8}") = "src", "src", "{D83A22C2-BCB8-42A2-89F6-18FBE12428AE}"
EndProject
Project("{F2A71F9B-5D33-465A-A702-920D77279786}") = "TetrisConsoleProject", "src\TetrisConsoleProject\TetrisConsoleProject.fsproj", "{83D53923-9825-432F-9AC4-7ED2F5F22C5D}"
EndProject
Project("{F2A71F9B-5D33-465A-A702-920D77279786}") = "TetrisLibrary", "src\TetrisLibrary\TetrisLibrary.fsproj", "{CAA4E29B-0741-48F1-9770-6237EAECAEFD}"
EndProject
Global
	GlobalSection(SolutionConfigurationPlatforms) = preSolution
		Debug|Any CPU = Debug|Any CPU
		Release|Any CPU = Release|Any CPU
	EndGlobalSection
	GlobalSection(SolutionProperties) = preSolution
		HideSolutionNode = FALSE
	EndGlobalSection
	GlobalSection(ProjectConfigurationPlatforms) = postSolution
		{83D53923-9825-432F-9AC4-7ED2F5F22C5D}.Debug|Any CPU.ActiveCfg = Debug|Any CPU
		{83D53923-9825-432F-9AC4-7ED2F5F22C5D}.Debug|Any CPU.Build.0 = Debug|Any CPU
		{83D53923-9825-432F-9AC4-7ED2F5F22C5D}.Release|Any CPU.ActiveCfg = Release|Any CPU
		{83D53923-9825-432F-9AC4-7ED2F5F22C5D}.Release|Any CPU.Build.0 = Release|Any CPU
		{CAA4E29B-0741-48F1-9770-6237EAECAEFD}.Debug|Any CPU.ActiveCfg = Debug|Any CPU
		{CAA4E29B-0741-48F1-9770-6237EAECAEFD}.Debug|Any CPU.Build.0 = Debug|Any CPU
		{CAA4E29B-0741-48F1-9770-6237EAECAEFD}.Release|Any CPU.ActiveCfg = Release|Any CPU
		{CAA4E29B-0741-48F1-9770-6237EAECAEFD}.Release|Any CPU.Build.0 = Release|Any CPU
	EndGlobalSection
	GlobalSection(NestedProjects) = preSolution
		{83D53923-9825-432F-9AC4-7ED2F5F22C5D} = {D83A22C2-BCB8-42A2-89F6-18FBE12428AE}
		{CAA4E29B-0741-48F1-9770-6237EAECAEFD} = {D83A22C2-BCB8-42A2-89F6-18FBE12428AE}
	EndGlobalSection
EndGlobal
